
Microsoft Visual Studio Solution File, Format Version 12.00
# Visual Studio Version 16
VisualStudioVersion = 16.0.30011.22
MinimumVisualStudioVersion = 10.0.40219.1
Project("{FAE04EC0-301F-11D3-BF4B-00C04F79EFBC}") = "Buoi14_ADONET", "Buoi14_ADONET\Buoi14_ADONET.csproj", "{7261FF1E-3285-4547-949A-DFBFA1A135E5}"
EndProject
Global
	GlobalSection(SolutionConfigurationPlatforms) = preSolution
		Debug|Any CPU = Debug|Any CPU
		Release|Any CPU = Release|Any CPU
	EndGlobalSection
	GlobalSection(ProjectConfigurationPlatforms) = postSolution
		{7261FF1E-3285-4547-949A-DFBFA1A135E5}.Debug|Any CPU.ActiveCfg = Debug|Any CPU
		{7261FF1E-3285-4547-949A-DFBFA1A135E5}.Debug|Any CPU.Build.0 = Debug|Any CPU
		{7261FF1E-3285-4547-949A-DFBFA1A135E5}.Release|Any CPU.ActiveCfg = Release|Any CPU
		{7261FF1E-3285-4547-949A-DFBFA1A135E5}.Release|Any CPU.Build.0 = Release|Any CPU
	EndGlobalSection
	GlobalSection(SolutionProperties) = preSolution
		HideSolutionNode = FALSE
	EndGlobalSection
	GlobalSection(ExtensibilityGlobals) = postSolution
		SolutionGuid = {B66B4416-10D0-4ECB-8D89-3884B6C37D03}
	EndGlobalSection
EndGlobal
