
Microsoft Visual Studio Solution File, Format Version 12.00
# Visual Studio Version 16
VisualStudioVersion = 16.0.30011.22
MinimumVisualStudioVersion = 10.0.40219.1
Project("{9A19103F-16F7-4668-BE54-9A1E7A4F7556}") = "MyStoreDbFirst", "MyStoreDbFirst.csproj", "{3F70EB26-C03F-4FD0-8DE0-12AE17F02BAF}"
EndProject
Project("{9A19103F-16F7-4668-BE54-9A1E7A4F7556}") = "DemoReactJs", "..\..\DemoReactJs\DemoReactJs\DemoReactJs.csproj", "{D360B37D-BD79-4AC1-85F9-26797BFB8B03}"
EndProject
Global
	GlobalSection(SolutionConfigurationPlatforms) = preSolution
		Debug|Any CPU = Debug|Any CPU
		Release|Any CPU = Release|Any CPU
	EndGlobalSection
	GlobalSection(ProjectConfigurationPlatforms) = postSolution
		{3F70EB26-C03F-4FD0-8DE0-12AE17F02BAF}.Debug|Any CPU.ActiveCfg = Debug|Any CPU
		{3F70EB26-C03F-4FD0-8DE0-12AE17F02BAF}.Debug|Any CPU.Build.0 = Debug|Any CPU
		{3F70EB26-C03F-4FD0-8DE0-12AE17F02BAF}.Release|Any CPU.ActiveCfg = Release|Any CPU
		{3F70EB26-C03F-4FD0-8DE0-12AE17F02BAF}.Release|Any CPU.Build.0 = Release|Any CPU
		{D360B37D-BD79-4AC1-85F9-26797BFB8B03}.Debug|Any CPU.ActiveCfg = Debug|Any CPU
		{D360B37D-BD79-4AC1-85F9-26797BFB8B03}.Debug|Any CPU.Build.0 = Debug|Any CPU
		{D360B37D-BD79-4AC1-85F9-26797BFB8B03}.Release|Any CPU.ActiveCfg = Release|Any CPU
		{D360B37D-BD79-4AC1-85F9-26797BFB8B03}.Release|Any CPU.Build.0 = Release|Any CPU
	EndGlobalSection
	GlobalSection(SolutionProperties) = preSolution
		HideSolutionNode = FALSE
	EndGlobalSection
	GlobalSection(ExtensibilityGlobals) = postSolution
		SolutionGuid = {7B103899-0EE3-4BB2-877F-30C34D357A4F}
	EndGlobalSection
EndGlobal
