
Microsoft Visual Studio Solution File, Format Version 12.00
# Visual Studio Version 16
VisualStudioVersion = 16.0.30011.22
MinimumVisualStudioVersion = 10.0.40219.1
Project("{FAE04EC0-301F-11D3-BF4B-00C04F79EFBC}") = "DemoEFCore", "DemoEFCore\DemoEFCore.csproj", "{4A7A8BF2-1A39-4902-9A24-7DF0324332EA}"
EndProject
Global
	GlobalSection(SolutionConfigurationPlatforms) = preSolution
		Debug|Any CPU = Debug|Any CPU
		Release|Any CPU = Release|Any CPU
	EndGlobalSection
	GlobalSection(ProjectConfigurationPlatforms) = postSolution
		{4A7A8BF2-1A39-4902-9A24-7DF0324332EA}.Debug|Any CPU.ActiveCfg = Debug|Any CPU
		{4A7A8BF2-1A39-4902-9A24-7DF0324332EA}.Debug|Any CPU.Build.0 = Debug|Any CPU
		{4A7A8BF2-1A39-4902-9A24-7DF0324332EA}.Release|Any CPU.ActiveCfg = Release|Any CPU
		{4A7A8BF2-1A39-4902-9A24-7DF0324332EA}.Release|Any CPU.Build.0 = Release|Any CPU
	EndGlobalSection
	GlobalSection(SolutionProperties) = preSolution
		HideSolutionNode = FALSE
	EndGlobalSection
	GlobalSection(ExtensibilityGlobals) = postSolution
		SolutionGuid = {4DE2B496-4D2C-41CA-ACFD-7072BF750BB0}
	EndGlobalSection
EndGlobal
