
Microsoft Visual Studio Solution File, Format Version 12.00
# Visual Studio Version 16
VisualStudioVersion = 16.0.30011.22
MinimumVisualStudioVersion = 10.0.40219.1
Project("{FAE04EC0-301F-11D3-BF4B-00C04F79EFBC}") = "Buoi04_jQuery", "Buoi04_jQuery\Buoi04_jQuery.csproj", "{C72B77DA-8CC1-486C-995B-57C5F6EBB0B6}"
EndProject
Global
	GlobalSection(SolutionConfigurationPlatforms) = preSolution
		Debug|Any CPU = Debug|Any CPU
		Release|Any CPU = Release|Any CPU
	EndGlobalSection
	GlobalSection(ProjectConfigurationPlatforms) = postSolution
		{C72B77DA-8CC1-486C-995B-57C5F6EBB0B6}.Debug|Any CPU.ActiveCfg = Debug|Any CPU
		{C72B77DA-8CC1-486C-995B-57C5F6EBB0B6}.Debug|Any CPU.Build.0 = Debug|Any CPU
		{C72B77DA-8CC1-486C-995B-57C5F6EBB0B6}.Release|Any CPU.ActiveCfg = Release|Any CPU
		{C72B77DA-8CC1-486C-995B-57C5F6EBB0B6}.Release|Any CPU.Build.0 = Release|Any CPU
	EndGlobalSection
	GlobalSection(SolutionProperties) = preSolution
		HideSolutionNode = FALSE
	EndGlobalSection
	GlobalSection(ExtensibilityGlobals) = postSolution
		SolutionGuid = {D131AE7E-565B-4826-9DC2-FC17B2468A43}
	EndGlobalSection
EndGlobal
